{
  "requires": true,
  "lockfileVersion": 1,
  "dependencies": {
    "@angular/core": {
      "version": "16.0.4",
      "resolved": "https://registry.npmjs.org/@angular/core/-/core-16.0.4.tgz",
      "integrity": "sha512-Lp/qGJt0NFFTKQHofaMjCdGYfVwGCyhBtcbioaTqi1wA5OwXfMZX5MgHZXl1KlnZs1YVqM8vO/Z/4kOxgYXvNQ==",
      "requires": {
        "tslib": "^2.3.0"
      }
    },
    "@angular/router": {
      "version": "16.0.4",
      "resolved": "https://registry.npmjs.org/@angular/router/-/router-16.0.4.tgz",
      "integrity": "sha512-RgmY/dH5IB3aEnulqWHWSJ9TlcdOe7ZXOu1Fztmm3hk9brXyX5OB7R9sLG77yrE0eGDhdBJjgkLjmWPfjXurOA==",
      "requires": {
        "tslib": "^2.3.0"
      }
    },
    "tslib": {
      "version": "2.5.3",
      "resolved": "https://registry.npmjs.org/tslib/-/tslib-2.5.3.tgz",
      "integrity": "sha512-mSxlJJwl3BMEQCUNnxXBU9jP4JBktcEGhURcPR6VQVlnP0FdDEsIaz0C35dXNGLyRfrATNofF0F5p2KPxQgB+w=="
    }
  }
}
